
Microsoft Visual Studio Solution File, Format Version 12.00
# Visual Studio 14
VisualStudioVersion = 14.0.25420.1
MinimumVisualStudioVersion = 10.0.40219.1
Project("{FAE04EC0-301F-11D3-BF4B-00C04F79EFBC}") = "GlassFilm", "GlassFilm\GlassFilm.csproj", "{B192C36C-2C74-4EDB-B797-0EE39100F57D}"
EndProject
Project("{FAE04EC0-301F-11D3-BF4B-00C04F79EFBC}") = "VectorView", "VectorView\VectorView.csproj", "{21A1BFCB-8990-4777-8545-04EE59C3C3A7}"
EndProject
Project("{FAE04EC0-301F-11D3-BF4B-00C04F79EFBC}") = "VectorViewTeste", "VectorViewTeste\VectorViewTeste.csproj", "{CD4B8154-AB27-4528-BA8F-6DA1231B31D0}"
EndProject
Global
	GlobalSection(SolutionConfigurationPlatforms) = preSolution
		Debug|Any CPU = Debug|Any CPU
		Release|Any CPU = Release|Any CPU
	EndGlobalSection
	GlobalSection(ProjectConfigurationPlatforms) = postSolution
		{B192C36C-2C74-4EDB-B797-0EE39100F57D}.Debug|Any CPU.ActiveCfg = Debug|Any CPU
		{B192C36C-2C74-4EDB-B797-0EE39100F57D}.Debug|Any CPU.Build.0 = Debug|Any CPU
		{B192C36C-2C74-4EDB-B797-0EE39100F57D}.Release|Any CPU.ActiveCfg = Release|Any CPU
		{B192C36C-2C74-4EDB-B797-0EE39100F57D}.Release|Any CPU.Build.0 = Release|Any CPU
		{21A1BFCB-8990-4777-8545-04EE59C3C3A7}.Debug|Any CPU.ActiveCfg = Debug|Any CPU
		{21A1BFCB-8990-4777-8545-04EE59C3C3A7}.Debug|Any CPU.Build.0 = Debug|Any CPU
		{21A1BFCB-8990-4777-8545-04EE59C3C3A7}.Release|Any CPU.ActiveCfg = Release|Any CPU
		{21A1BFCB-8990-4777-8545-04EE59C3C3A7}.Release|Any CPU.Build.0 = Release|Any CPU
		{CD4B8154-AB27-4528-BA8F-6DA1231B31D0}.Debug|Any CPU.ActiveCfg = Debug|Any CPU
		{CD4B8154-AB27-4528-BA8F-6DA1231B31D0}.Debug|Any CPU.Build.0 = Debug|Any CPU
		{CD4B8154-AB27-4528-BA8F-6DA1231B31D0}.Release|Any CPU.ActiveCfg = Release|Any CPU
		{CD4B8154-AB27-4528-BA8F-6DA1231B31D0}.Release|Any CPU.Build.0 = Release|Any CPU
	EndGlobalSection
	GlobalSection(SolutionProperties) = preSolution
		HideSolutionNode = FALSE
	EndGlobalSection
EndGlobal
